{
  "name": "iris",
  "version": "1.0.0",
  "lockfileVersion": 1,
  "dependencies": {
    "@slack/client": {
      "version": "3.6.0",
      "resolved": "https://registry.npmjs.org/@slack/client/-/client-3.6.0.tgz",
      "integrity": "sha1-rVTAOY5TLQQ+JiyatkzHSLc/T3U=",
      "dependencies": {
        "async": {
          "version": "1.5.2",
          "resolved": "https://registry.npmjs.org/async/-/async-1.5.2.tgz",
          "integrity": "sha1-7GphrlZIDAw8skHJVhjiCJL5Zyo="
        },
        "bluebird": {
          "version": "3.4.6",
          "resolved": "https://registry.npmjs.org/bluebird/-/bluebird-3.4.6.tgz",
          "integrity": "sha1-AdqNgh2HgT0ViWfnQ9X+bGLPjA8="
        },
        "eventemitter3": {
          "version": "1.2.0",
          "resolved": "https://registry.npmjs.org/eventemitter3/-/eventemitter3-1.2.0.tgz",
          "integrity": "sha1-HIaZHYFq0eUEdQ5zh0Ik7PO+xQg="
        },
        "https-proxy-agent": {
          "version": "1.0.0",
          "resolved": "https://registry.npmjs.org/https-proxy-agent/-/https-proxy-agent-1.0.0.tgz",
          "integrity": "sha1-NffabEjOTdv6JkiRrFk+5f+GceY=",
          "dependencies": {
            "agent-base": {
              "version": "2.0.1",
              "resolved": "https://registry.npmjs.org/agent-base/-/agent-base-2.0.1.tgz",
              "integrity": "sha1-vY+ehqjrIh//oHvRS+/VXfFCgV4=",
              "dependencies": {
                "semver": {
                  "version": "5.0.3",
                  "resolved": "https://registry.npmjs.org/semver/-/semver-5.0.3.tgz",
                  "integrity": "sha1-d0Zt5YnNXTyV8TiqeLxWmjy10no="
                }
              }
            },
            "debug": {
              "version": "2.2.0",
              "resolved": "https://registry.npmjs.org/debug/-/debug-2.2.0.tgz",
              "integrity": "sha1-+HBX6ZWxofauaklgZkE3vFbwOdo=",
              "dependencies": {
                "ms": {
                  "version": "0.7.1",
                  "resolved": "https://registry.npmjs.org/ms/-/ms-0.7.1.tgz",
                  "integrity": "sha1-nNE8A62/8ltl7/3nzoZO6VIBcJg="
                }
              }
            },
            "extend": {
              "version": "3.0.0",
              "resolved": "https://registry.npmjs.org/extend/-/extend-3.0.0.tgz",
              "integrity": "sha1-WkdDU7nzNT3dgXbf03uRyDpG8dQ="
            }
          }
        },
        "inherits": {
          "version": "2.0.3",
          "resolved": "https://registry.npmjs.org/inherits/-/inherits-2.0.3.tgz",
          "integrity": "sha1-Yzwsg+PaQqUC9SRmAiSA9CCCYd4="
        },
        "lodash": {
          "version": "4.16.1",
          "resolved": "https://registry.npmjs.org/lodash/-/lodash-4.16.1.tgz",
          "integrity": "sha1-deFfz+JyGtvWp8WYX4VSiKA/w20="
        },
        "request": {
          "version": "2.75.0",
          "resolved": "https://registry.npmjs.org/request/-/request-2.75.0.tgz",
          "integrity": "sha1-0rgmiihtoT6qXQGt9dGMyQ9lfZM=",
          "dependencies": {
            "aws-sign2": {
              "version": "0.6.0",
              "resolved": "https://registry.npmjs.org/aws-sign2/-/aws-sign2-0.6.0.tgz",
              "integrity": "sha1-FDQt0428yU0OW4fXY81jYSwOeU8="
            },
            "aws4": {
              "version": "1.4.1",
              "resolved": "https://registry.npmjs.org/aws4/-/aws4-1.4.1.tgz",
              "integrity": "sha1-/efVKSRm0jDl7g9OA42d+qsI/GE="
            },
            "bl": {
              "version": "1.1.2",
              "resolved": "https://registry.npmjs.org/bl/-/bl-1.1.2.tgz",
              "integrity": "sha1-/cqHGplxOqANGeO7ukHER4emU5g=",
              "dependencies": {
                "readable-stream": {
                  "version": "2.0.6",
                  "resolved": "https://registry.npmjs.org/readable-stream/-/readable-stream-2.0.6.tgz",
                  "integrity": "sha1-j5A0HmilPMySh4jaz80Rs265t44=",
                  "dependencies": {
                    "core-util-is": {
                      "version": "1.0.2",
                      "resolved": "https://registry.npmjs.org/core-util-is/-/core-util-is-1.0.2.tgz",
                      "integrity": "sha1-tf1UIgqivFq1eqtxQMlAdUUDwac="
                    },
                    "isarray": {
                      "version": "1.0.0",
                      "resolved": "https://registry.npmjs.org/isarray/-/isarray-1.0.0.tgz",
                      "integrity": "sha1-u5NdSFgsuhaMBoNJV6VKPgcSTxE="
                    },
                    "process-nextick-args": {
                      "version": "1.0.7",
                      "resolved": "https://registry.npmjs.org/process-nextick-args/-/process-nextick-args-1.0.7.tgz",
                      "integrity": "sha1-FQ4gt1ZZCtP5EJPyWk8q2L/zC6M="
                    },
                    "string_decoder": {
                      "version": "0.10.31",
                      "resolved": "https://registry.npmjs.org/string_decoder/-/string_decoder-0.10.31.tgz",
                      "integrity": "sha1-YuIDvEF2bGwoyfyEMB2rHFMQ+pQ="
                    },
                    "util-deprecate": {
                      "version": "1.0.2",
                      "resolved": "https://registry.npmjs.org/util-deprecate/-/util-deprecate-1.0.2.tgz",
                      "integrity": "sha1-RQ1Nyfpw3nMnYvvS1KKJgUGaDM8="
                    }
                  }
                }
              }
            },
            "caseless": {
              "version": "0.11.0",
              "resolved": "https://registry.npmjs.org/caseless/-/caseless-0.11.0.tgz",
              "integrity": "sha1-cVuW6phBWTzDMGeSP17GDr2k99c="
            },
            "combined-stream": {
              "version": "1.0.5",
              "resolved": "https://registry.npmjs.org/combined-stream/-/combined-stream-1.0.5.tgz",
              "integrity": "sha1-k4NwpXtKUd6ix3wV1cX9+JUWQAk=",
              "dependencies": {
                "delayed-stream": {
                  "version": "1.0.0",
                  "resolved": "https://registry.npmjs.org/delayed-stream/-/delayed-stream-1.0.0.tgz",
                  "integrity": "sha1-3zrhmayt+31ECqrgsp4icrJOxhk="
                }
              }
            },
            "extend": {
              "version": "3.0.0",
              "resolved": "https://registry.npmjs.org/extend/-/extend-3.0.0.tgz",
              "integrity": "sha1-WkdDU7nzNT3dgXbf03uRyDpG8dQ="
            },
            "forever-agent": {
              "version": "0.6.1",
              "resolved": "https://registry.npmjs.org/forever-agent/-/forever-agent-0.6.1.tgz",
              "integrity": "sha1-+8cfDEGt6zf5bFd60e1C2P2sypE="
            },
            "form-data": {
              "version": "2.0.0",
              "resolved": "https://registry.npmjs.org/form-data/-/form-data-2.0.0.tgz",
              "integrity": "sha1-bwrrrcxdoWwT4ezBETfYX5uIOyU=",
              "dependencies": {
                "asynckit": {
                  "version": "0.4.0",
                  "resolved": "https://registry.npmjs.org/asynckit/-/asynckit-0.4.0.tgz",
                  "integrity": "sha1-x57Zf380y48robyXkLzDZkdLS3k="
                }
              }
            },
            "har-validator": {
              "version": "2.0.6",
              "resolved": "https://registry.npmjs.org/har-validator/-/har-validator-2.0.6.tgz",
              "integrity": "sha1-zcvAgYgmWtEZtqWnyKtw7s+10n0=",
              "dependencies": {
                "chalk": {
                  "version": "1.1.3",
                  "resolved": "https://registry.npmjs.org/chalk/-/chalk-1.1.3.tgz",
                  "integrity": "sha1-qBFcVeSnAv5NFQq9OHKCKn4J/Jg=",
                  "dependencies": {
                    "ansi-styles": {
                      "version": "2.2.1",
                      "resolved": "https://registry.npmjs.org/ansi-styles/-/ansi-styles-2.2.1.tgz",
                      "integrity": "sha1-tDLdM1i2NM914eRmQ2gkBTPB3b4="
                    },
                    "escape-string-regexp": {
                      "version": "1.0.5",
                      "resolved": "https://registry.npmjs.org/escape-string-regexp/-/escape-string-regexp-1.0.5.tgz",
                      "integrity": "sha1-G2HAViGQqN/2rjuyzwIAyhMLhtQ="
                    },
                    "has-ansi": {
                      "version": "2.0.0",
                      "resolved": "https://registry.npmjs.org/has-ansi/-/has-ansi-2.0.0.tgz",
                      "integrity": "sha1-NPUEnOHs3ysGSa8+8k5F7TVBbZE=",
                      "dependencies": {
                        "ansi-regex": {
                          "version": "2.0.0",
                          "resolved": "https://registry.npmjs.org/ansi-regex/-/ansi-regex-2.0.0.tgz",
                          "integrity": "sha1-xQYbbg74qBd15Q9dZhUb9r83EQc="
                        }
                      }
                    },
                    "strip-ansi": {
                      "version": "3.0.1",
                      "resolved": "https://registry.npmjs.org/strip-ansi/-/strip-ansi-3.0.1.tgz",
                      "integrity": "sha1-ajhfuIU9lS1f8F0Oiq+UJ43GPc8=",
                      "dependencies": {
                        "ansi-regex": {
                          "version": "2.0.0",
                          "resolved": "https://registry.npmjs.org/ansi-regex/-/ansi-regex-2.0.0.tgz",
                          "integrity": "sha1-xQYbbg74qBd15Q9dZhUb9r83EQc="
                        }
                      }
                    },
                    "supports-color": {
                      "version": "2.0.0",
                      "resolved": "https://registry.npmjs.org/supports-color/-/supports-color-2.0.0.tgz",
                      "integrity": "sha1-U10EXOa2Nj+kARcIRimZXp3zJMc="
                    }
                  }
                },
                "commander": {
                  "version": "2.9.0",
                  "resolved": "https://registry.npmjs.org/commander/-/commander-2.9.0.tgz",
                  "integrity": "sha1-nJkJQXbhIkDLItbFFGCYQA/g99Q=",
                  "dependencies": {
                    "graceful-readlink": {
                      "version": "1.0.1",
                      "resolved": "https://registry.npmjs.org/graceful-readlink/-/graceful-readlink-1.0.1.tgz",
                      "integrity": "sha1-TK+tdrxi8C+gObL5Tpo906ORpyU="
                    }
                  }
                },
                "is-my-json-valid": {
                  "version": "2.14.0",
                  "resolved": "https://registry.npmjs.org/is-my-json-valid/-/is-my-json-valid-2.14.0.tgz",
                  "integrity": "sha1-R7+Ahgmy311IyWnHS+zQn7ygJyU=",
                  "dependencies": {
                    "generate-function": {
                      "version": "2.0.0",
                      "resolved": "https://registry.npmjs.org/generate-function/-/generate-function-2.0.0.tgz",
                      "integrity": "sha1-aFj+fAlpt9TpCTM3ZHrHn2DfvnQ="
                    },
                    "generate-object-property": {
                      "version": "1.2.0",
                      "resolved": "https://registry.npmjs.org/generate-object-property/-/generate-object-property-1.2.0.tgz",
                      "integrity": "sha1-nA4cQDCM6AT0eDYYuTf6iPmdUNA=",
                      "dependencies": {
                        "is-property": {
                          "version": "1.0.2",
                          "resolved": "https://registry.npmjs.org/is-property/-/is-property-1.0.2.tgz",
                          "integrity": "sha1-V/4cTkhHTt1lsJkR8msc1Ald2oQ="
                        }
                      }
                    },
                    "jsonpointer": {
                      "version": "2.0.0",
                      "resolved": "https://registry.npmjs.org/jsonpointer/-/jsonpointer-2.0.0.tgz",
                      "integrity": "sha1-OvHdIP6FRjkQ1GmjheMwF9KgMNk="
                    },
                    "xtend": {
                      "version": "4.0.1",
                      "resolved": "https://registry.npmjs.org/xtend/-/xtend-4.0.1.tgz",
                      "integrity": "sha1-pcbVMr5lbiPbgg77lDofBJmNY68="
                    }
                  }
                },
                "pinkie-promise": {
                  "version": "2.0.1",
                  "resolved": "https://registry.npmjs.org/pinkie-promise/-/pinkie-promise-2.0.1.tgz",
                  "integrity": "sha1-ITXW36ejWMBprJsXh3YogihFD/o=",
                  "dependencies": {
                    "pinkie": {
                      "version": "2.0.4",
                      "resolved": "https://registry.npmjs.org/pinkie/-/pinkie-2.0.4.tgz",
                      "integrity": "sha1-clVrgM+g1IqXToDnckjoDtT3+HA="
                    }
                  }
                }
              }
            },
            "hawk": {
              "version": "3.1.3",
              "resolved": "https://registry.npmjs.org/hawk/-/hawk-3.1.3.tgz",
              "integrity": "sha1-B4REvXwWQLD+VA0sm3PVlnjo4cQ=",
              "dependencies": {
                "boom": {
                  "version": "2.10.1",
                  "resolved": "https://registry.npmjs.org/boom/-/boom-2.10.1.tgz",
                  "integrity": "sha1-OciRjO/1eZ+D+UkqhI9iWt0Mdm8="
                },
                "cryptiles": {
                  "version": "2.0.5",
                  "resolved": "https://registry.npmjs.org/cryptiles/-/cryptiles-2.0.5.tgz",
                  "integrity": "sha1-O9/s3GCBR8HGcgL6KR59ylnqo7g="
                },
                "hoek": {
                  "version": "2.16.3",
                  "resolved": "https://registry.npmjs.org/hoek/-/hoek-2.16.3.tgz",
                  "integrity": "sha1-ILt0A9POo5jpHcRxCo/xuCdKJe0="
                },
                "sntp": {
                  "version": "1.0.9",
                  "resolved": "https://registry.npmjs.org/sntp/-/sntp-1.0.9.tgz",
                  "integrity": "sha1-ZUEYTMkK7qbG57NeJlkIJEPGYZg="
                }
              }
            },
            "http-signature": {
              "version": "1.1.1",
              "resolved": "https://registry.npmjs.org/http-signature/-/http-signature-1.1.1.tgz",
              "integrity": "sha1-33LiZwZs0Kxn+3at+OE0qPvPkb8=",
              "dependencies": {
                "assert-plus": {
                  "version": "0.2.0",
                  "resolved": "https://registry.npmjs.org/assert-plus/-/assert-plus-0.2.0.tgz",
                  "integrity": "sha1-104bh+ev/A24qttwIfP+SBAasjQ="
                },
                "jsprim": {
                  "version": "1.3.1",
                  "resolved": "https://registry.npmjs.org/jsprim/-/jsprim-1.3.1.tgz",
                  "integrity": "sha1-KnJW9wQSop7jZwqspiWZTE3P8lI=",
                  "dependencies": {
                    "extsprintf": {
                      "version": "1.0.2",
                      "resolved": "https://registry.npmjs.org/extsprintf/-/extsprintf-1.0.2.tgz",
                      "integrity": "sha1-4QgOBljjALBilJkMxw4VAiNf1VA="
                    },
                    "json-schema": {
                      "version": "0.2.3",
                      "resolved": "https://registry.npmjs.org/json-schema/-/json-schema-0.2.3.tgz",
                      "integrity": "sha1-tIDIkuWaLwWVTOcnvT8qTogvnhM="
                    },
                    "verror": {
                      "version": "1.3.6",
                      "resolved": "https://registry.npmjs.org/verror/-/verror-1.3.6.tgz",
                      "integrity": "sha1-z/XfEpRtKX0rqu+qJoniW+AcAFw="
                    }
                  }
                },
                "sshpk": {
                  "version": "1.10.0",
                  "resolved": "https://registry.npmjs.org/sshpk/-/sshpk-1.10.0.tgz",
                  "integrity": "sha1-EE1roq+yrAmauVZ8DRk5d/Kcbfo=",
                  "dependencies": {
                    "asn1": {
                      "version": "0.2.3",
                      "resolved": "https://registry.npmjs.org/asn1/-/asn1-0.2.3.tgz",
                      "integrity": "sha1-2sh4dxPJlmhJ/IGAd36+nB3fO4Y="
                    },
                    "assert-plus": {
                      "version": "1.0.0",
                      "resolved": "https://registry.npmjs.org/assert-plus/-/assert-plus-1.0.0.tgz",
                      "integrity": "sha1-8S4PPF13sLHN2RRpQuTpbB5N1SU="
                    },
                    "bcrypt-pbkdf": {
                      "version": "1.0.0",
                      "resolved": "https://registry.npmjs.org/bcrypt-pbkdf/-/bcrypt-pbkdf-1.0.0.tgz",
                      "integrity": "sha1-PKdrhSQccXC/fZcD57mqdGMAQNQ=",
                      "optional": true,
                      "dependencies": {
                        "tweetnacl": {
                          "version": "0.14.3",
                          "resolved": "https://registry.npmjs.org/tweetnacl/-/tweetnacl-0.14.3.tgz",
                          "integrity": "sha1-PaOC9nDyXe1417PReSEZvKC3Ey0=",
                          "optional": true
                        }
                      }
                    },
                    "dashdash": {
                      "version": "1.14.0",
                      "resolved": "https://registry.npmjs.org/dashdash/-/dashdash-1.14.0.tgz",
                      "integrity": "sha1-KeSGxUGL8PNWA0qZPVFoajPoQUE="
                    },
                    "ecc-jsbn": {
                      "version": "0.1.1",
                      "resolved": "https://registry.npmjs.org/ecc-jsbn/-/ecc-jsbn-0.1.1.tgz",
                      "integrity": "sha1-D8c6ntXw1Tw4GTOYUj735UN3dQU=",
                      "optional": true
                    },
                    "getpass": {
                      "version": "0.1.6",
                      "resolved": "https://registry.npmjs.org/getpass/-/getpass-0.1.6.tgz",
                      "integrity": "sha1-KD/9n8ElaECHUxHBtg6MQBhxEOY="
                    },
                    "jodid25519": {
                      "version": "1.0.2",
                      "resolved": "https://registry.npmjs.org/jodid25519/-/jodid25519-1.0.2.tgz",
                      "integrity": "sha1-BtSRIlUJNBlHfUJWM2BuDpB4KWc=",
                      "optional": true
                    },
                    "jsbn": {
                      "version": "0.1.0",
                      "resolved": "https://registry.npmjs.org/jsbn/-/jsbn-0.1.0.tgz",
                      "integrity": "sha1-ZQmH2g3XT06/WhE3eiqi0nPpff0=",
                      "optional": true
                    },
                    "tweetnacl": {
                      "version": "0.13.3",
                      "resolved": "https://registry.npmjs.org/tweetnacl/-/tweetnacl-0.13.3.tgz",
                      "integrity": "sha1-1ii1bzvMPVrnS6nUwacE3vWrS1Y=",
                      "optional": true
                    }
                  }
                }
              }
            },
            "is-typedarray": {
              "version": "1.0.0",
              "resolved": "https://registry.npmjs.org/is-typedarray/-/is-typedarray-1.0.0.tgz",
              "integrity": "sha1-5HnICFjfDBsR3dppQPlgEfzaSpo="
            },
            "isstream": {
              "version": "0.1.2",
              "resolved": "https://registry.npmjs.org/isstream/-/isstream-0.1.2.tgz",
              "integrity": "sha1-R+Y/evVa+m+S4VAOaQ64uFKcCZo="
            },
            "json-stringify-safe": {
              "version": "5.0.1",
              "resolved": "https://registry.npmjs.org/json-stringify-safe/-/json-stringify-safe-5.0.1.tgz",
              "integrity": "sha1-Epai1Y/UXxmg9s4B1lcB4sc1tus="
            },
            "mime-types": {
              "version": "2.1.12",
              "resolved": "https://registry.npmjs.org/mime-types/-/mime-types-2.1.12.tgz",
              "integrity": "sha1-FSuiVndwIN1GY/VMLnvCY4HnFyk=",
              "dependencies": {
                "mime-db": {
                  "version": "1.24.0",
                  "resolved": "https://registry.npmjs.org/mime-db/-/mime-db-1.24.0.tgz",
                  "integrity": "sha1-4tE/k58AFsbk6a0lqGUvEmxGfww="
                }
              }
            },
            "node-uuid": {
              "version": "1.4.7",
              "resolved": "https://registry.npmjs.org/node-uuid/-/node-uuid-1.4.7.tgz",
              "integrity": "sha1-baWhdmjEs91ZYjvaEc9/pMH2Cm8="
            },
            "oauth-sign": {
              "version": "0.8.2",
              "resolved": "https://registry.npmjs.org/oauth-sign/-/oauth-sign-0.8.2.tgz",
              "integrity": "sha1-Rqarfwrq2N6unsBWV4C31O/rnUM="
            },
            "qs": {
              "version": "6.2.1",
              "resolved": "https://registry.npmjs.org/qs/-/qs-6.2.1.tgz",
              "integrity": "sha1-zgPF/wk1vB2daanxTL0Y5WjWdiU="
            },
            "stringstream": {
              "version": "0.0.5",
              "resolved": "https://registry.npmjs.org/stringstream/-/stringstream-0.0.5.tgz",
              "integrity": "sha1-TkhM1N5aC7vuGORjB3EKioFiGHg="
            },
            "tough-cookie": {
              "version": "2.3.1",
              "resolved": "https://registry.npmjs.org/tough-cookie/-/tough-cookie-2.3.1.tgz",
              "integrity": "sha1-mcd9+7fYBCSeiimdTLD9gf7wg/0="
            },
            "tunnel-agent": {
              "version": "0.4.3",
              "resolved": "https://registry.npmjs.org/tunnel-agent/-/tunnel-agent-0.4.3.tgz",
              "integrity": "sha1-Y3PbdpCf5XDgjXNYM2Xtgop07us="
            }
          }
        },
        "retry": {
          "version": "0.9.0",
          "resolved": "https://registry.npmjs.org/retry/-/retry-0.9.0.tgz",
          "integrity": "sha1-b2l+UKDk3cjI9/tUeptg3q1DZ40="
        },
        "url-join": {
          "version": "0.0.1",
          "resolved": "https://registry.npmjs.org/url-join/-/url-join-0.0.1.tgz",
          "integrity": "sha1-HbSK1CLTQCRpqH99l73r/k+x48g="
        },
        "winston": {
          "version": "2.2.0",
          "resolved": "https://registry.npmjs.org/winston/-/winston-2.2.0.tgz",
          "integrity": "sha1-LIU92Hq1UqjoSF1yy7+aIobwKbc=",
          "dependencies": {
            "async": {
              "version": "1.0.0",
              "resolved": "https://registry.npmjs.org/async/-/async-1.0.0.tgz",
              "integrity": "sha1-+PwEyjoTeErenhZBr5hXjPvWR6k="
            },
            "colors": {
              "version": "1.0.3",
              "resolved": "https://registry.npmjs.org/colors/-/colors-1.0.3.tgz",
              "integrity": "sha1-BDP0TYCWgP3rYO0mDxsMJi6CpAs="
            },
            "cycle": {
              "version": "1.0.3",
              "resolved": "https://registry.npmjs.org/cycle/-/cycle-1.0.3.tgz",
              "integrity": "sha1-IegLK+hYD5i0aPN5QwZisEbDStI="
            },
            "eyes": {
              "version": "0.1.8",
              "resolved": "https://registry.npmjs.org/eyes/-/eyes-0.1.8.tgz",
              "integrity": "sha1-Ys8SAjTGg3hdkCNIqADvPgzCC8A="
            },
            "isstream": {
              "version": "0.1.2",
              "resolved": "https://registry.npmjs.org/isstream/-/isstream-0.1.2.tgz",
              "integrity": "sha1-R+Y/evVa+m+S4VAOaQ64uFKcCZo="
            },
            "pkginfo": {
              "version": "0.3.1",
              "resolved": "https://registry.npmjs.org/pkginfo/-/pkginfo-0.3.1.tgz",
              "integrity": "sha1-Wyn2qB9wcXFC4J52W76rl7T4HiE="
            },
            "stack-trace": {
              "version": "0.0.9",
              "resolved": "https://registry.npmjs.org/stack-trace/-/stack-trace-0.0.9.tgz",
              "integrity": "sha1-qPbq7KkGdMMz58Q5U/J1tFFRBpU="
            }
          }
        },
        "ws": {
          "version": "1.1.1",
          "resolved": "https://registry.npmjs.org/ws/-/ws-1.1.1.tgz",
          "integrity": "sha1-CC3bbGQehdS7RR8D1S8G6r2x8Bg=",
          "dependencies": {
            "options": {
              "version": "0.0.6",
              "resolved": "https://registry.npmjs.org/options/-/options-0.0.6.tgz",
              "integrity": "sha1-7CLTEoBrtT5zF3Pnza788cZDEo8="
            },
            "ultron": {
              "version": "1.0.2",
              "resolved": "https://registry.npmjs.org/ultron/-/ultron-1.0.2.tgz",
              "integrity": "sha1-rOEWq1V80Zc4ak6I9GhTeMiy5Po="
            }
          }
        }
      }
    },
    "dotenv": {
      "version": "4.0.0",
      "resolved": "https://registry.npmjs.org/dotenv/-/dotenv-4.0.0.tgz",
      "integrity": "sha1-hk7xN5rO1Vzm+V3r7NzhefegzR0="
    },
    "express": {
      "version": "4.14.0",
      "resolved": "https://registry.npmjs.org/express/-/express-4.14.0.tgz",
      "integrity": "sha1-we4/Qs3Ikfs9xlCoki1R7IR9DWY=",
      "dependencies": {
        "accepts": {
          "version": "1.3.3",
          "resolved": "https://registry.npmjs.org/accepts/-/accepts-1.3.3.tgz",
          "integrity": "sha1-w8p0NJOGSMPg2cHjKN1otiLChMo=",
          "dependencies": {
            "mime-types": {
              "version": "2.1.12",
              "resolved": "https://registry.npmjs.org/mime-types/-/mime-types-2.1.12.tgz",
              "integrity": "sha1-FSuiVndwIN1GY/VMLnvCY4HnFyk=",
              "dependencies": {
                "mime-db": {
                  "version": "1.24.0",
                  "resolved": "https://registry.npmjs.org/mime-db/-/mime-db-1.24.0.tgz",
                  "integrity": "sha1-4tE/k58AFsbk6a0lqGUvEmxGfww="
                }
              }
            },
            "negotiator": {
              "version": "0.6.1",
              "resolved": "https://registry.npmjs.org/negotiator/-/negotiator-0.6.1.tgz",
              "integrity": "sha1-KzJxhOiZIQEXeyhWP7XnECrNDKk="
            }
          }
        },
        "array-flatten": {
          "version": "1.1.1",
          "resolved": "https://registry.npmjs.org/array-flatten/-/array-flatten-1.1.1.tgz",
          "integrity": "sha1-ml9pkFGx5wczKPKgCJaLZOopVdI="
        },
        "content-disposition": {
          "version": "0.5.1",
          "resolved": "https://registry.npmjs.org/content-disposition/-/content-disposition-0.5.1.tgz",
          "integrity": "sha1-h0dsamfI2qh+Muh2Ft+IO6f7Bxs="
        },
        "content-type": {
          "version": "1.0.2",
          "resolved": "https://registry.npmjs.org/content-type/-/content-type-1.0.2.tgz",
          "integrity": "sha1-t9ETrueo3Se9IRM8TcJSnfFyHu0="
        },
        "cookie": {
          "version": "0.3.1",
          "resolved": "https://registry.npmjs.org/cookie/-/cookie-0.3.1.tgz",
          "integrity": "sha1-5+Ch+e9DtMi6klxcWpboBtFoc7s="
        },
        "cookie-signature": {
          "version": "1.0.6",
          "resolved": "https://registry.npmjs.org/cookie-signature/-/cookie-signature-1.0.6.tgz",
          "integrity": "sha1-4wOogrNCzD7oylE6eZmXNNqzriw="
        },
        "debug": {
          "version": "2.2.0",
          "resolved": "https://registry.npmjs.org/debug/-/debug-2.2.0.tgz",
          "integrity": "sha1-+HBX6ZWxofauaklgZkE3vFbwOdo=",
          "dependencies": {
            "ms": {
              "version": "0.7.1",
              "resolved": "https://registry.npmjs.org/ms/-/ms-0.7.1.tgz",
              "integrity": "sha1-nNE8A62/8ltl7/3nzoZO6VIBcJg="
            }
          }
        },
        "depd": {
          "version": "1.1.0",
          "resolved": "https://registry.npmjs.org/depd/-/depd-1.1.0.tgz",
          "integrity": "sha1-4b2Cxqq2ztlluXuIsX7T5SjKGMM="
        },
        "encodeurl": {
          "version": "1.0.1",
          "resolved": "https://registry.npmjs.org/encodeurl/-/encodeurl-1.0.1.tgz",
          "integrity": "sha1-eePVhlU0aQn+bw9Fpd5oEDspTSA="
        },
        "escape-html": {
          "version": "1.0.3",
          "resolved": "https://registry.npmjs.org/escape-html/-/escape-html-1.0.3.tgz",
          "integrity": "sha1-Aljq5NPQwJdN4cFpGI7wBR0dGYg="
        },
        "etag": {
          "version": "1.7.0",
          "resolved": "https://registry.npmjs.org/etag/-/etag-1.7.0.tgz",
          "integrity": "sha1-A9MLX2fdbmMtKUXTDWZScxo01dg="
        },
        "finalhandler": {
          "version": "0.5.0",
          "resolved": "https://registry.npmjs.org/finalhandler/-/finalhandler-0.5.0.tgz",
          "integrity": "sha1-6VCKvs6bbbqHGmlCodeRG5GRGsc=",
          "dependencies": {
            "statuses": {
              "version": "1.3.0",
              "resolved": "https://registry.npmjs.org/statuses/-/statuses-1.3.0.tgz",
              "integrity": "sha1-jlV1jLIOdoLB9Pzo3KswvwHR4Ho="
            },
            "unpipe": {
              "version": "1.0.0",
              "resolved": "https://registry.npmjs.org/unpipe/-/unpipe-1.0.0.tgz",
              "integrity": "sha1-sr9O6FFKrmFltIF4KdIbLvSZBOw="
            }
          }
        },
        "fresh": {
          "version": "0.3.0",
          "resolved": "https://registry.npmjs.org/fresh/-/fresh-0.3.0.tgz",
          "integrity": "sha1-ZR+DjiJCTnVm3hYdg1jKoZn4PU8="
        },
        "merge-descriptors": {
          "version": "1.0.1",
          "resolved": "https://registry.npmjs.org/merge-descriptors/-/merge-descriptors-1.0.1.tgz",
          "integrity": "sha1-sAqqVW3YtEVoFQ7J0blT8/kMu2E="
        },
        "methods": {
          "version": "1.1.2",
          "resolved": "https://registry.npmjs.org/methods/-/methods-1.1.2.tgz",
          "integrity": "sha1-VSmk1nZUE07cxSZmVoNbD4Ua/O4="
        },
        "on-finished": {
          "version": "2.3.0",
          "resolved": "https://registry.npmjs.org/on-finished/-/on-finished-2.3.0.tgz",
          "integrity": "sha1-IPEzZIGwg811M3mSoWlxqi2QaUc=",
          "dependencies": {
            "ee-first": {
              "version": "1.1.1",
              "resolved": "https://registry.npmjs.org/ee-first/-/ee-first-1.1.1.tgz",
              "integrity": "sha1-WQxhFWsK4vTwJVcyoViyZrxWsh0="
            }
          }
        },
        "parseurl": {
          "version": "1.3.1",
          "resolved": "https://registry.npmjs.org/parseurl/-/parseurl-1.3.1.tgz",
          "integrity": "sha1-yKuMkiO6NIiKpkopeyiFO+wY2lY="
        },
        "path-to-regexp": {
          "version": "0.1.7",
          "resolved": "https://registry.npmjs.org/path-to-regexp/-/path-to-regexp-0.1.7.tgz",
          "integrity": "sha1-32BBeABfUi8V60SQ5yR6G/qmf4w="
        },
        "proxy-addr": {
          "version": "1.1.2",
          "resolved": "https://registry.npmjs.org/proxy-addr/-/proxy-addr-1.1.2.tgz",
          "integrity": "sha1-tMxfImENlTWCTBI675089zxAujc=",
          "dependencies": {
            "forwarded": {
              "version": "0.1.0",
              "resolved": "https://registry.npmjs.org/forwarded/-/forwarded-0.1.0.tgz",
              "integrity": "sha1-Ge+YdMSuHCl7zweP3mOgm2aoQ2M="
            },
            "ipaddr.js": {
              "version": "1.1.1",
              "resolved": "https://registry.npmjs.org/ipaddr.js/-/ipaddr.js-1.1.1.tgz",
              "integrity": "sha1-x5HZX1KynBJH1d+AraObinNkcjA="
            }
          }
        },
        "qs": {
          "version": "6.2.0",
          "resolved": "https://registry.npmjs.org/qs/-/qs-6.2.0.tgz",
          "integrity": "sha1-O3hIwDwt7OaalSKw+ujEEm10Xzs="
        },
        "range-parser": {
          "version": "1.2.0",
          "resolved": "https://registry.npmjs.org/range-parser/-/range-parser-1.2.0.tgz",
          "integrity": "sha1-9JvmtIeJTdxA3MlKMi9hEJLgDV4="
        },
        "send": {
          "version": "0.14.1",
          "resolved": "https://registry.npmjs.org/send/-/send-0.14.1.tgz",
          "integrity": "sha1-qVSYQyU5L1FTKndgdg5FlZjIn3o=",
          "dependencies": {
            "destroy": {
              "version": "1.0.4",
              "resolved": "https://registry.npmjs.org/destroy/-/destroy-1.0.4.tgz",
              "integrity": "sha1-l4hXRCxEdJ5CBmE+N5RiBYJqvYA="
            },
            "http-errors": {
              "version": "1.5.0",
              "resolved": "https://registry.npmjs.org/http-errors/-/http-errors-1.5.0.tgz",
              "integrity": "sha1-scs9gmD9jiOGytMYkEWUM3LUghE=",
              "dependencies": {
                "inherits": {
                  "version": "2.0.1",
                  "resolved": "https://registry.npmjs.org/inherits/-/inherits-2.0.1.tgz",
                  "integrity": "sha1-sX0I0ya0Qj5Wjv9xn5GwscvfafE="
                },
                "setprototypeof": {
                  "version": "1.0.1",
                  "resolved": "https://registry.npmjs.org/setprototypeof/-/setprototypeof-1.0.1.tgz",
                  "integrity": "sha1-UgCbJ4iMTcSPWRlJwKgnWDTByn4="
                }
              }
            },
            "mime": {
              "version": "1.3.4",
              "resolved": "https://registry.npmjs.org/mime/-/mime-1.3.4.tgz",
              "integrity": "sha1-EV+eO2s9rylZmDyzjxSaLUDrXVM="
            },
            "ms": {
              "version": "0.7.1",
              "resolved": "https://registry.npmjs.org/ms/-/ms-0.7.1.tgz",
              "integrity": "sha1-nNE8A62/8ltl7/3nzoZO6VIBcJg="
            },
            "statuses": {
              "version": "1.3.0",
              "resolved": "https://registry.npmjs.org/statuses/-/statuses-1.3.0.tgz",
              "integrity": "sha1-jlV1jLIOdoLB9Pzo3KswvwHR4Ho="
            }
          }
        },
        "serve-static": {
          "version": "1.11.1",
          "resolved": "https://registry.npmjs.org/serve-static/-/serve-static-1.11.1.tgz",
          "integrity": "sha1-1sznaTUF9zPHWd5Xvvwa92wPCAU="
        },
        "type-is": {
          "version": "1.6.13",
          "resolved": "https://registry.npmjs.org/type-is/-/type-is-1.6.13.tgz",
          "integrity": "sha1-boO6e8MM0zp7sLf7AHN6IIW/nQg=",
          "dependencies": {
            "media-typer": {
              "version": "0.3.0",
              "resolved": "https://registry.npmjs.org/media-typer/-/media-typer-0.3.0.tgz",
              "integrity": "sha1-hxDXrwqmJvj/+hzgAWhUUmMlV0g="
            },
            "mime-types": {
              "version": "2.1.12",
              "resolved": "https://registry.npmjs.org/mime-types/-/mime-types-2.1.12.tgz",
              "integrity": "sha1-FSuiVndwIN1GY/VMLnvCY4HnFyk=",
              "dependencies": {
                "mime-db": {
                  "version": "1.24.0",
                  "resolved": "https://registry.npmjs.org/mime-db/-/mime-db-1.24.0.tgz",
                  "integrity": "sha1-4tE/k58AFsbk6a0lqGUvEmxGfww="
                }
              }
            }
          }
        },
        "utils-merge": {
          "version": "1.0.0",
          "resolved": "https://registry.npmjs.org/utils-merge/-/utils-merge-1.0.0.tgz",
          "integrity": "sha1-ApT7kiu5N1FTVBxPcJYjHyh8ivg="
        },
        "vary": {
          "version": "1.1.0",
          "resolved": "https://registry.npmjs.org/vary/-/vary-1.1.0.tgz",
          "integrity": "sha1-4eWv+70WrnaN0mdDlLmtMCJlMUA="
        }
      }
    },
    "superagent": {
      "version": "2.3.0",
      "resolved": "https://registry.npmjs.org/superagent/-/superagent-2.3.0.tgz",
      "integrity": "sha1-cDUpoHFOV+EjlZ3e+84ZOy5Q0RU=",
      "dependencies": {
        "component-emitter": {
          "version": "1.2.1",
          "resolved": "https://registry.npmjs.org/component-emitter/-/component-emitter-1.2.1.tgz",
          "integrity": "sha1-E3kY1teCg/ffemt8WmPhQOaUJeY="
        },
        "cookiejar": {
          "version": "2.1.0",
          "resolved": "https://registry.npmjs.org/cookiejar/-/cookiejar-2.1.0.tgz",
          "integrity": "sha1-hlSWiVObbQ4mm2Y3owS+UIGU2Jg="
        },
        "debug": {
          "version": "2.2.0",
          "resolved": "https://registry.npmjs.org/debug/-/debug-2.2.0.tgz",
          "integrity": "sha1-+HBX6ZWxofauaklgZkE3vFbwOdo=",
          "dependencies": {
            "ms": {
              "version": "0.7.1",
              "resolved": "https://registry.npmjs.org/ms/-/ms-0.7.1.tgz",
              "integrity": "sha1-nNE8A62/8ltl7/3nzoZO6VIBcJg="
            }
          }
        },
        "extend": {
          "version": "3.0.0",
          "resolved": "https://registry.npmjs.org/extend/-/extend-3.0.0.tgz",
          "integrity": "sha1-WkdDU7nzNT3dgXbf03uRyDpG8dQ="
        },
        "form-data": {
          "version": "1.0.0-rc4",
          "resolved": "https://registry.npmjs.org/form-data/-/form-data-1.0.0-rc4.tgz",
          "integrity": "sha1-BaxrwiIntD5EYfSIFhVUaZ1Pi14=",
          "dependencies": {
            "async": {
              "version": "1.5.2",
              "resolved": "https://registry.npmjs.org/async/-/async-1.5.2.tgz",
              "integrity": "sha1-7GphrlZIDAw8skHJVhjiCJL5Zyo="
            },
            "combined-stream": {
              "version": "1.0.5",
              "resolved": "https://registry.npmjs.org/combined-stream/-/combined-stream-1.0.5.tgz",
              "integrity": "sha1-k4NwpXtKUd6ix3wV1cX9+JUWQAk=",
              "dependencies": {
                "delayed-stream": {
                  "version": "1.0.0",
                  "resolved": "https://registry.npmjs.org/delayed-stream/-/delayed-stream-1.0.0.tgz",
                  "integrity": "sha1-3zrhmayt+31ECqrgsp4icrJOxhk="
                }
              }
            },
            "mime-types": {
              "version": "2.1.12",
              "resolved": "https://registry.npmjs.org/mime-types/-/mime-types-2.1.12.tgz",
              "integrity": "sha1-FSuiVndwIN1GY/VMLnvCY4HnFyk=",
              "dependencies": {
                "mime-db": {
                  "version": "1.24.0",
                  "resolved": "https://registry.npmjs.org/mime-db/-/mime-db-1.24.0.tgz",
                  "integrity": "sha1-4tE/k58AFsbk6a0lqGUvEmxGfww="
                }
              }
            }
          }
        },
        "formidable": {
          "version": "1.0.17",
          "resolved": "https://registry.npmjs.org/formidable/-/formidable-1.0.17.tgz",
          "integrity": "sha1-71SRSQ+UM7cF+qdyScmQKa40hVk="
        },
        "methods": {
          "version": "1.1.2",
          "resolved": "https://registry.npmjs.org/methods/-/methods-1.1.2.tgz",
          "integrity": "sha1-VSmk1nZUE07cxSZmVoNbD4Ua/O4="
        },
        "mime": {
          "version": "1.3.4",
          "resolved": "https://registry.npmjs.org/mime/-/mime-1.3.4.tgz",
          "integrity": "sha1-EV+eO2s9rylZmDyzjxSaLUDrXVM="
        },
        "qs": {
          "version": "6.2.1",
          "resolved": "https://registry.npmjs.org/qs/-/qs-6.2.1.tgz",
          "integrity": "sha1-zgPF/wk1vB2daanxTL0Y5WjWdiU="
        },
        "readable-stream": {
          "version": "2.1.5",
          "resolved": "https://registry.npmjs.org/readable-stream/-/readable-stream-2.1.5.tgz",
          "integrity": "sha1-ZvqLcg4UOLNkaB8q0aY8YYRIydA=",
          "dependencies": {
            "buffer-shims": {
              "version": "1.0.0",
              "resolved": "https://registry.npmjs.org/buffer-shims/-/buffer-shims-1.0.0.tgz",
              "integrity": "sha1-mXjOMXOIxkmth5MCjDR37wRKi1E="
            },
            "core-util-is": {
              "version": "1.0.2",
              "resolved": "https://registry.npmjs.org/core-util-is/-/core-util-is-1.0.2.tgz",
              "integrity": "sha1-tf1UIgqivFq1eqtxQMlAdUUDwac="
            },
            "inherits": {
              "version": "2.0.3",
              "resolved": "https://registry.npmjs.org/inherits/-/inherits-2.0.3.tgz",
              "integrity": "sha1-Yzwsg+PaQqUC9SRmAiSA9CCCYd4="
            },
            "isarray": {
              "version": "1.0.0",
              "resolved": "https://registry.npmjs.org/isarray/-/isarray-1.0.0.tgz",
              "integrity": "sha1-u5NdSFgsuhaMBoNJV6VKPgcSTxE="
            },
            "process-nextick-args": {
              "version": "1.0.7",
              "resolved": "https://registry.npmjs.org/process-nextick-args/-/process-nextick-args-1.0.7.tgz",
              "integrity": "sha1-FQ4gt1ZZCtP5EJPyWk8q2L/zC6M="
            },
            "string_decoder": {
              "version": "0.10.31",
              "resolved": "https://registry.npmjs.org/string_decoder/-/string_decoder-0.10.31.tgz",
              "integrity": "sha1-YuIDvEF2bGwoyfyEMB2rHFMQ+pQ="
            },
            "util-deprecate": {
              "version": "1.0.2",
              "resolved": "https://registry.npmjs.org/util-deprecate/-/util-deprecate-1.0.2.tgz",
              "integrity": "sha1-RQ1Nyfpw3nMnYvvS1KKJgUGaDM8="
            }
          }
        }
      }
    }
  }
}
